# This file is automatically @generated by Cargo.
# It is not intended for manual editing.
version = 4

[[package]]
name = "stagemaster-dmx"
version = "0.1.0"
dependencies = [
 "stagemaster-domain",
 "stagemaster-engine",
]

[[package]]
name = "stagemaster-domain"
version = "0.1.0"

[[package]]
name = "stagemaster-engine"
version = "0.1.0"
dependencies = [
 "stagemaster-domain",
]

[[package]]
name = "stagemaster-engine-demo"
version = "0.1.0"
dependencies = [
 "stagemaster-dmx",
 "stagemaster-domain",
 "stagemaster-engine",
 "stagemaster-show",
]

[[package]]
name = "stagemaster-show"
version = "0.1.0"
dependencies = [
 "stagemaster-domain",
]
